	<Project xmlns="http://schemas.microsoft.com/developer/msbuild/2003">
		<PropertyGroup>
			<ProjectGuid>{6F496C9A-2CC2-4E3F-8089-7BD26434C3B4}</ProjectGuid>
			<ProjectVersion>13.4</ProjectVersion>
			<FrameworkType>VCL</FrameworkType>
			<MainSource>TranslationEditor.dpr</MainSource>
			<Base>True</Base>
			<Config Condition="'$(Config)'==''">Debug</Config>
			<Platform Condition="'$(Platform)'==''">Win32</Platform>
			<TargetedPlatforms>1</TargetedPlatforms>
			<AppType>Application</AppType>
		</PropertyGroup>
		<PropertyGroup Condition="'$(Config)'=='Base' or '$(Base)'!=''">
			<Base>true</Base>
		</PropertyGroup>
		<PropertyGroup Condition="('$(Platform)'=='Win32' and '$(Base)'=='true') or '$(Base_Win32)'!=''">
			<Base_Win32>true</Base_Win32>
			<CfgParent>Base</CfgParent>
			<Base>true</Base>
		</PropertyGroup>
		<PropertyGroup Condition="'$(Config)'=='Debug' or '$(Cfg_1)'!=''">
			<Cfg_1>true</Cfg_1>
			<CfgParent>Base</CfgParent>
			<Base>true</Base>
		</PropertyGroup>
		<PropertyGroup Condition="('$(Platform)'=='Win32' and '$(Cfg_1)'=='true') or '$(Cfg_1_Win32)'!=''">
			<Cfg_1_Win32>true</Cfg_1_Win32>
			<CfgParent>Cfg_1</CfgParent>
			<Cfg_1>true</Cfg_1>
			<Base>true</Base>
		</PropertyGroup>
		<PropertyGroup Condition="'$(Config)'=='Release' or '$(Cfg_2)'!=''">
			<Cfg_2>true</Cfg_2>
			<CfgParent>Base</CfgParent>
			<Base>true</Base>
		</PropertyGroup>
		<PropertyGroup Condition="'$(Base)'!=''">
			<DCC_Namespace>System;Xml;Data;Datasnap;Web;Soap;Vcl;Vcl.Imaging;Vcl.Touch;Vcl.Samples;Vcl.Shell;$(DCC_Namespace)</DCC_Namespace>
			<Icon_MainIcon>$(BDS)\bin\delphi_PROJECTICON.ico</Icon_MainIcon>
			<DCC_UsePackage>fmx;IndySystem;DataSnapClient;DataSnapServer;DataSnapCommon;DBXInterBaseDriver;DbxCommonDriver;DBXOracleDriver;CustomIPTransport;dsnap;IndyCore;inetdbxpress;IPIndyImpl;rtl;dbrtl;DbxClientDriver;inetdb;xmlrtl;ibxpress;IndyProtocols;DBXMySQLDriver;DBXInformixDriver;DBXFirebirdDriver;inet;DBXSybaseASADriver;dbexpress;$(DCC_UsePackage)</DCC_UsePackage>
			<DCC_DcuOutput>.\$(Platform)\$(Config)</DCC_DcuOutput>
			<DCC_ExeOutput>.\$(Platform)\$(Config)</DCC_ExeOutput>
		</PropertyGroup>
		<PropertyGroup Condition="'$(Base_Win32)'!=''">
			<DCC_UsePackage>dxTileControlRS16;dxdborRS16;dxPDFViewerRS16;cxLibraryRS16;dxLayoutControlRS16;dxSpreadSheetRS16;dxPScxPivotGridLnkRS16;dxCoreRS16;dxPScxVGridLnkRS16;cxExportRS16;dxPSdxMapControlLnkRS16;ipstudiowindataset;JvMM;dxBarRS16;dxSkinsdxNavBarPainterRS16;AbbreviaVCL;dxSkinOffice2016DarkRS16;TxCmn;RaizeComponentsVcl;JvDlgs;TeeDB;cxTreeListdxBarPopupMenuRS16;dxPSdxGaugeControlLnkRS16;dxPsPrVwAdvRS16;inetdbbde;vclib;dxPSCoreRS16;cxPivotGridOLAPRS16;dxRibbonCustomizationFormRS16;JvNet;Python;cxPageControlRS16;dxRibbonRS16;DBXSybaseASEDriver;PythonVCL;dxPScxTLLnkRS16;vclimg;dxSpreadSheetConditionalFormattingDialogsRS16;dxPScxGridLnkRS16;cxTreeListRS16;dxSkinOffice2016ColorfulRS16;dxPSdxSpreadSheetLnkRS16;dxComnRS16;JvXPCtrls;fmi;vcldb;dxOfficeCoreRS16;dxADOServerModeRS16;vcldsnap;dxSkinsdxRibbonPainterRS16;CodeSiteLoggingPkg;dxBarExtDBItemsRS16;dxGaugeControlRS16;DBXDb2Driver;JvCore;vclribbon;TxAdo;dxSkinscxSchedulerPainterRS16;vcl;DBXMSSQLDriver;FmxTeeUI;cxDataRS16;dxSkinMetropolisRS16;dxDockingRS16;dxPSDBTeeChartRS16;TxToo;JvAppFrm;JvDB;JvRuntimeDesign;cxSchedulerGridRS16;dxSpreadSheetReportDesignerRS16;dxBarExtItemsRS16;dxPSLnksRS16;dxtrmdRS16;dxSkinsdxDLPainterRS16;JclDeveloperTools;dxPSdxPDFViewerLnkRS16;webdsnap;dxscene;dxPSTeeChartRS16;adortl;TxCtl;dxPSdxLCLnkRS16;JvWizards;xmldset;cxVerticalGridRS16;madBasic_;dxRichEditControlRS16;dxorgcRS16;dxWizardControlRS16;dxPScxExtCommonRS16;vcldbx;RaizeComponentsVclDb;dxNavBarRS16;dxPSdxDBOCLnkRS16;dxSkinsdxBarPainterRS16;cxSchedulerTreeBrowserRS16;JvPluginSystem;Tee;DBXOdbcDriver;JvCmp;dxdbtrRS16;madDisAsm_;dxSkinsCoreRS16;JvSystem;ComDrv;JvControls;dxmdsRS16;dxSpellCheckerRS16;dxMapControlRS16;cxGridRS16;dxSkinscxPCPainterRS16;dxPScxCommonRS16;cxEditorsRS16;vclactnband;TeeUI;FMXTee;cxPivotGridRS16;JvPrintPreview;JvPageComps;dxServerModeRS16;JvStdCtrls;JvCustom;Jcl;vclie;dxPScxSchedulerLnkRS16;dxPSdxDBTVLnkRS16;cxSchedulerRS16;madExcept_;dxPSPrVwRibbonRS16;vcltouch;cxPivotGridChartRS16;cxSchedulerRibbonStyleEventEditorRS16;websnap;agile.suporte;BCEditorRuntime;PngComponents;CodeSiteDBToolsPkg;ipstudiowin;dxTabbedMDIRS16;dxPSRichEditControlLnkRS16;DataSnapConnectors;ipstudiowinclient;dxSkinMetropolisDarkRS16;dsnapcon;dxHttpIndyRequestRS16;dxPSdxOCLnkRS16;dxPSdxFCLnkRS16;dxThemeRS16;TxDb;JclVcl;dxPScxPCProdRS16;pckISQLBuilderVisualizer;vclx;dxFlowChartRS16;agile.biometria;bdertl;dxGDIPlusRS16;dxBarDBNavRS16;$(DCC_UsePackage)</DCC_UsePackage>
			<VerInfo_IncludeVerInfo>true</VerInfo_IncludeVerInfo>
			<DCC_Namespace>Winapi;System.Win;Data.Win;Datasnap.Win;Web.Win;Soap.Win;Xml.Win;Bde;$(DCC_Namespace)</DCC_Namespace>
			<VerInfo_Locale>1033</VerInfo_Locale>
			<Manifest_File>$(BDS)\bin\default_app.manifest</Manifest_File>
			<VerInfo_Keys>CompanyName=;FileDescription=;FileVersion=1.0.0.0;InternalName=;LegalCopyright=;LegalTrademarks=;OriginalFilename=;ProductName=;ProductVersion=1.0.0.0;Comments=</VerInfo_Keys>
		</PropertyGroup>
		<PropertyGroup Condition="'$(Cfg_1)'!=''">
			<DCC_Define>DEBUG;$(DCC_Define)</DCC_Define>
			<DCC_Optimize>false</DCC_Optimize>
			<DCC_GenerateStackFrames>true</DCC_GenerateStackFrames>
			<DCC_DebugInfoInExe>true</DCC_DebugInfoInExe>
			<DCC_RemoteDebug>true</DCC_RemoteDebug>
		</PropertyGroup>
		<PropertyGroup Condition="'$(Cfg_1_Win32)'!=''">
			<VerInfo_IncludeVerInfo>true</VerInfo_IncludeVerInfo>
			<DCC_Define>madExcept;LeakChecking;$(DCC_Define)</DCC_Define>
			<DCC_MapFile>3</DCC_MapFile>
			<DCC_ExeOutput>..\</DCC_ExeOutput>
			<VerInfo_Locale>1033</VerInfo_Locale>
			<DCC_DcpOutput>..\dcu</DCC_DcpOutput>
			<DCC_DcuOutput>..\dcu</DCC_DcuOutput>
			<DCC_RemoteDebug>false</DCC_RemoteDebug>
		</PropertyGroup>
		<PropertyGroup Condition="'$(Cfg_2)'!=''">
			<DCC_LocalDebugSymbols>false</DCC_LocalDebugSymbols>
			<DCC_Define>RELEASE;$(DCC_Define)</DCC_Define>
			<DCC_SymbolReferenceInfo>0</DCC_SymbolReferenceInfo>
			<DCC_DebugInformation>false</DCC_DebugInformation>
		</PropertyGroup>
		<ItemGroup>
			<DelphiCompile Include="$(MainSource)">
				<MainSource>MainSource</MainSource>
			</DelphiCompile>
			<DCCReference Include="..\src\form.editor.pas">
				<Form>FormEditor</Form>
				<FormType>dfm</FormType>
			</DCCReference>
			<BuildConfiguration Include="Release">
				<Key>Cfg_2</Key>
				<CfgParent>Base</CfgParent>
			</BuildConfiguration>
			<BuildConfiguration Include="Base">
				<Key>Base</Key>
			</BuildConfiguration>
			<BuildConfiguration Include="Debug">
				<Key>Cfg_1</Key>
				<CfgParent>Base</CfgParent>
			</BuildConfiguration>
		</ItemGroup>
		<ProjectExtensions>
			<Borland.Personality>Delphi.Personality.12</Borland.Personality>
			<Borland.ProjectType/>
			<BorlandProject>
				<Delphi.Personality>
					<VersionInfo>
						<VersionInfo Name="IncludeVerInfo">False</VersionInfo>
						<VersionInfo Name="AutoIncBuild">False</VersionInfo>
						<VersionInfo Name="MajorVer">1</VersionInfo>
						<VersionInfo Name="MinorVer">0</VersionInfo>
						<VersionInfo Name="Release">0</VersionInfo>
						<VersionInfo Name="Build">0</VersionInfo>
						<VersionInfo Name="Debug">False</VersionInfo>
						<VersionInfo Name="PreRelease">False</VersionInfo>
						<VersionInfo Name="Special">False</VersionInfo>
						<VersionInfo Name="Private">False</VersionInfo>
						<VersionInfo Name="DLL">False</VersionInfo>
						<VersionInfo Name="Locale">1046</VersionInfo>
						<VersionInfo Name="CodePage">1252</VersionInfo>
					</VersionInfo>
					<VersionInfoKeys>
						<VersionInfoKeys Name="CompanyName"/>
						<VersionInfoKeys Name="FileDescription"/>
						<VersionInfoKeys Name="FileVersion">1.0.0.0</VersionInfoKeys>
						<VersionInfoKeys Name="InternalName"/>
						<VersionInfoKeys Name="LegalCopyright"/>
						<VersionInfoKeys Name="LegalTrademarks"/>
						<VersionInfoKeys Name="OriginalFilename"/>
						<VersionInfoKeys Name="ProductName"/>
						<VersionInfoKeys Name="ProductVersion">1.0.0.0</VersionInfoKeys>
						<VersionInfoKeys Name="Comments"/>
					</VersionInfoKeys>
					<Excluded_Packages>
						<Excluded_Packages Name="$(BDSBIN)\dcl31w160.bpl">Delphi 1.0 Compatibility Components</Excluded_Packages>
						<Excluded_Packages Name="$(BDSBIN)\dclbindcomp160.bpl">Embarcadero LiveBindings Components</Excluded_Packages>
						<Excluded_Packages Name="$(BDSBIN)\dclbindcompfmx160.bpl">Embarcadero LiveBindings Components FireMonkey</Excluded_Packages>
						<Excluded_Packages Name="$(BDSBIN)\dclbindcompvcl160.bpl">Embarcadero LiveBindings Components VCL</Excluded_Packages>
						<Excluded_Packages Name="$(BDSBIN)\dclCloudService160.bpl">Embarcadero Cloud management components</Excluded_Packages>
						<Excluded_Packages Name="$(BDSBIN)\dclDataSnapClient160.bpl">Embarcadero DBExpress DataSnap Client Components</Excluded_Packages>
						<Excluded_Packages Name="$(BDSBIN)\dcldbx160.bpl">Embarcadero dbExpress Components</Excluded_Packages>
						<Excluded_Packages Name="$(BDSBIN)\dclDataSnapIndy10ServerTransport160.bpl">Embarcadero DBExpress DataSnap Server Transport Components</Excluded_Packages>
						<Excluded_Packages Name="$(BDSBIN)\dclDataSnapProviderClient160.bpl">Embarcadero DBExpress DataSnap Provider Client Components</Excluded_Packages>
						<Excluded_Packages Name="$(BDSBIN)\dcldbxcds160.bpl">Embarcadero SimpleDataset Component (DBX)</Excluded_Packages>
						<Excluded_Packages Name="$(BDSBIN)\dclemacsedit160.bpl">Embarcadero Editor Emacs Enhancements</Excluded_Packages>
						<Excluded_Packages Name="$(BDSBIN)\dclsmp160.bpl">Embarcadero Sample Components</Excluded_Packages>
						<Excluded_Packages Name="$(BDSBIN)\dclsmpedit160.bpl">Embarcadero Editor Script Enhancements</Excluded_Packages>
						<Excluded_Packages Name="$(BDSBIN)\svnide160.bpl">Embarcadero Subversion Integration</Excluded_Packages>
						<Excluded_Packages Name="D:\Vcl\xe2bpl\JclProjectAnalysisExpert160.bpl">JCL Project Analyzer</Excluded_Packages>
						<Excluded_Packages Name="D:\Vcl\xe2bpl\JvBandsDesign160.bpl">JVCL Band Objects</Excluded_Packages>
						<Excluded_Packages Name="D:\Vcl\xe2bpl\JvCryptDesign160.bpl">JVCL Encryption and Compression</Excluded_Packages>
						<Excluded_Packages Name="D:\Vcl\xe2bpl\JvHMIDesign160.bpl">JVCL HMI Controls</Excluded_Packages>
						<Excluded_Packages Name="D:\Vcl\xe2bpl\JvManagedThreadsDesign160.bpl">JVCL Managed Threads</Excluded_Packages>
						<Excluded_Packages Name="D:\Vcl\xe2bpl\JvPascalInterpreterDesign160.bpl">JVCL Interpreter Components</Excluded_Packages>
						<Excluded_Packages Name="D:\Vcl\co2bpl\agile.acesso.vcl.bpl">NCR | Lib | Acesso components</Excluded_Packages>
						<Excluded_Packages Name="D:\Vcl\xe2bpl\dcldxDBXServerModeRS16.bpl">dbExpress Data Source for ExpressDataController Server Mode by Developer Express Inc.</Excluded_Packages>
						<Excluded_Packages Name="$(BDSBIN)\dclfmxstd160.bpl">Embarcadero FMX Standard Components</Excluded_Packages>
						<Excluded_Packages Name="$(BDSBIN)\dclIntraweb_120_160.bpl">IntraWeb 12.0 Design Package for RAD Studio XE2</Excluded_Packages>
						<Excluded_Packages Name="$(BDSBIN)\dcloffice2k160.bpl">Microsoft Office 2000 Sample Automation Server Wrapper Components</Excluded_Packages>
						<Excluded_Packages Name="$(BDSBIN)\dclofficexp160.bpl">Microsoft Office XP Sample Automation Server Wrapper Components</Excluded_Packages>
						<Excluded_Packages Name="$(BDSBIN)\dclsoap160.bpl">Embarcadero SOAP Components</Excluded_Packages>
					</Excluded_Packages>
					<Source>
						<Source Name="MainSource">TranslationEditor.dpr</Source>
					</Source>
				</Delphi.Personality>
				<Deployment/>
				<Platforms>
					<Platform value="Win32">True</Platform>
				</Platforms>
			</BorlandProject>
			<ProjectFileVersion>12</ProjectFileVersion>
		</ProjectExtensions>
		<Import Condition="Exists('$(BDS)\Bin\CodeGear.Delphi.Targets')" Project="$(BDS)\Bin\CodeGear.Delphi.Targets"/>
		<Import Condition="Exists('$(APPDATA)\Embarcadero\$(BDSAPPDATABASEDIR)\$(PRODUCTVERSION)\UserTools.proj')" Project="$(APPDATA)\Embarcadero\$(BDSAPPDATABASEDIR)\$(PRODUCTVERSION)\UserTools.proj"/>
	</Project>
